
Microsoft Visual Studio Solution File, Format Version 12.00
# Visual Studio Version 16
VisualStudioVersion = 16.0.31005.135
MinimumVisualStudioVersion = 10.0.40219.1
Project("{E24C65DC-7377-472B-9ABA-BC803B73C61A}") = "particle_fx", ".", "{9BF9A239-B85D-40B8-A133-F24665126330}"
	ProjectSection(WebsiteProperties) = preProject
		TargetFrameworkMoniker = ".NETFramework,Version%3Dv4.0"
		Debug.AspNetCompiler.VirtualPath = "/localhost_56590"
		Debug.AspNetCompiler.PhysicalPath = "..\particle_fx\"
		Debug.AspNetCompiler.TargetPath = "PrecompiledWeb\localhost_56590\"
		Debug.AspNetCompiler.Updateable = "true"
		Debug.AspNetCompiler.ForceOverwrite = "true"
		Debug.AspNetCompiler.FixedNames = "false"
		Debug.AspNetCompiler.Debug = "True"
		Release.AspNetCompiler.VirtualPath = "/localhost_56590"
		Release.AspNetCompiler.PhysicalPath = "..\particle_fx\"
		Release.AspNetCompiler.TargetPath = "PrecompiledWeb\localhost_56590\"
		Release.AspNetCompiler.Updateable = "true"
		Release.AspNetCompiler.ForceOverwrite = "true"
		Release.AspNetCompiler.FixedNames = "false"
		Release.AspNetCompiler.Debug = "False"
		VWDPort = "56590"
		SlnRelativePath = "..\particle_fx\"
	EndProjectSection
EndProject
Global
	GlobalSection(SolutionConfigurationPlatforms) = preSolution
		Debug|Any CPU = Debug|Any CPU
	EndGlobalSection
	GlobalSection(ProjectConfigurationPlatforms) = postSolution
		{9BF9A239-B85D-40B8-A133-F24665126330}.Debug|Any CPU.ActiveCfg = Debug|Any CPU
		{9BF9A239-B85D-40B8-A133-F24665126330}.Debug|Any CPU.Build.0 = Debug|Any CPU
	EndGlobalSection
	GlobalSection(SolutionProperties) = preSolution
		HideSolutionNode = FALSE
	EndGlobalSection
	GlobalSection(ExtensibilityGlobals) = postSolution
		SolutionGuid = {B1B415DA-2D81-4859-BC1A-671B295E82A4}
	EndGlobalSection
EndGlobal
